
Microsoft Visual Studio Solution File, Format Version 12.00
# Visual Studio Version 16
VisualStudioVersion = 16.0.31410.357
MinimumVisualStudioVersion = 10.0.40219.1
Project("{9A19103F-16F7-4668-BE54-9A1E7A4F7556}") = "IGLibCoreTests", "tests\IGLibCoreTests\IGLibCoreTests.csproj", "{8B2BA798-021E-4F30-9251-7E5C9D4F8D57}"
EndProject
Project("{9A19103F-16F7-4668-BE54-9A1E7A4F7556}") = "IGLibCore", "src\IGLibCore.csproj", "{6E4967CE-E5A8-41D5-96A2-0A09D436AB91}"
EndProject
Global
	GlobalSection(SolutionConfigurationPlatforms) = preSolution
		Debug|Any CPU = Debug|Any CPU
		Release|Any CPU = Release|Any CPU
	EndGlobalSection
	GlobalSection(ProjectConfigurationPlatforms) = postSolution
		{8B2BA798-021E-4F30-9251-7E5C9D4F8D57}.Debug|Any CPU.ActiveCfg = Debug|Any CPU
		{8B2BA798-021E-4F30-9251-7E5C9D4F8D57}.Debug|Any CPU.Build.0 = Debug|Any CPU
		{8B2BA798-021E-4F30-9251-7E5C9D4F8D57}.Release|Any CPU.ActiveCfg = Release|Any CPU
		{8B2BA798-021E-4F30-9251-7E5C9D4F8D57}.Release|Any CPU.Build.0 = Release|Any CPU
		{6E4967CE-E5A8-41D5-96A2-0A09D436AB91}.Debug|Any CPU.ActiveCfg = Debug|Any CPU
		{6E4967CE-E5A8-41D5-96A2-0A09D436AB91}.Debug|Any CPU.Build.0 = Debug|Any CPU
		{6E4967CE-E5A8-41D5-96A2-0A09D436AB91}.Release|Any CPU.ActiveCfg = Release|Any CPU
		{6E4967CE-E5A8-41D5-96A2-0A09D436AB91}.Release|Any CPU.Build.0 = Release|Any CPU
	EndGlobalSection
	GlobalSection(SolutionProperties) = preSolution
		HideSolutionNode = FALSE
	EndGlobalSection
	GlobalSection(ExtensibilityGlobals) = postSolution
		SolutionGuid = {B21775EA-26C3-407E-9DDB-5A7750E3F0F2}
	EndGlobalSection
EndGlobal
