
Microsoft Visual Studio Solution File, Format Version 12.00
# Visual Studio Version 17
VisualStudioVersion = 17.12.35527.113
MinimumVisualStudioVersion = 10.0.40219.1
Project("{2150E333-8FDC-42A3-9474-1A3956D46DE8}") = "IGLibCore", "IGLibCore", "{49FA5358-3660-4DDD-919F-5BC0D39DF5E4}"
EndProject
Project("{2150E333-8FDC-42A3-9474-1A3956D46DE8}") = "IGLibSandbox", "IGLibSandbox", "{F9A1F5C6-211C-498E-8A4E-40D4FC56F7A9}"
EndProject
Project("{2150E333-8FDC-42A3-9474-1A3956D46DE8}") = "IGLibScripting", "IGLibScripting", "{A2B0D15D-28C9-48EC-B165-3FEADEE4FC76}"
EndProject
Project("{2150E333-8FDC-42A3-9474-1A3956D46DE8}") = "IGLibScriptingCs", "IGLibScriptingCs", "{1F37D3D2-5309-41EB-B7A1-BEB99A3A77D0}"
EndProject
Project("{2150E333-8FDC-42A3-9474-1A3956D46DE8}") = "IGLibScripts", "IGLibScripts", "{37A47E16-EFC3-4814-85E1-10EF9B8818D9}"
EndProject
Project("{FAE04EC0-301F-11D3-BF4B-00C04F79EFBC}") = "IG.ScriptingCs", "..\IGLibScriptingCs\src\IG.ScriptingCs\IG.ScriptingCs.csproj", "{5E8A8A11-99AF-432E-AED2-1E22C85C116D}"
EndProject
Project("{FAE04EC0-301F-11D3-BF4B-00C04F79EFBC}") = "Westwind.Scripting", "..\IGLibScriptingCs\src\Westwind.Scripting\Westwind.Scripting\Westwind.Scripting.csproj", "{157FB627-2D98-4E69-B109-E2BF2E725035}"
EndProject
Project("{FAE04EC0-301F-11D3-BF4B-00C04F79EFBC}") = "Westwind.Scripting.Test", "..\IGLibScriptingCs\src\Westwind.Scripting\Westwind.Scripting.Test\Westwind.Scripting.Test.csproj", "{617ACA07-B233-471D-9F9B-A616807E5435}"
EndProject
Project("{FAE04EC0-301F-11D3-BF4B-00C04F79EFBC}") = "ReferenceTest", "..\IGLibScriptingCs\src\Westwind.Scripting\ReferenceTest\ReferenceTest.csproj", "{289AC17E-2C74-4D70-848D-4F6637148FF1}"
EndProject
Project("{2150E333-8FDC-42A3-9474-1A3956D46DE8}") = "ScriptingCs_External", "ScriptingCs_External", "{C8FDE206-12AD-4834-B82A-8DC1894FD142}"
EndProject
Project("{FAE04EC0-301F-11D3-BF4B-00C04F79EFBC}") = "IG.Sandbox", "..\IGLibSandbox\src\IG.Sandbox\IG.Sandbox.csproj", "{D5F1D538-F8A6-41BB-91B6-77105D4CEE25}"
EndProject
Project("{FAE04EC0-301F-11D3-BF4B-00C04F79EFBC}") = "Tests_IG.Sandbox", "..\IGLibSandbox\src\Tests_IG.Sandbox\Tests_IG.Sandbox.csproj", "{67356F9B-92DA-4BCD-B794-A19C9D7CE673}"
EndProject
Project("{2150E333-8FDC-42A3-9474-1A3956D46DE8}") = "WestWind_Scripting__ScriptingCs", "WestWind_Scripting__ScriptingCs", "{32963B1C-029F-46DC-BC5F-E40EA88FED82}"
EndProject
Project("{2150E333-8FDC-42A3-9474-1A3956D46DE8}") = "roslyn_NET_compiler__Sandbox", "roslyn_NET_compiler__Sandbox", "{8EF050E4-BDBE-4B84-9BC9-790E7A1AF79D}"
EndProject
Project("{2150E333-8FDC-42A3-9474-1A3956D46DE8}") = "Sandbox_External", "Sandbox_External", "{158E4A60-6432-4B43-8220-EDD0C44CFDBB}"
EndProject
Project("{2150E333-8FDC-42A3-9474-1A3956D46DE8}") = "WestWind_Scripting__Sandbox", "WestWind_Scripting__Sandbox", "{379F409E-0A7A-48E1-A042-AEA615EE4C17}"
EndProject
Project("{FAE04EC0-301F-11D3-BF4B-00C04F79EFBC}") = "ReferenceTest", "..\IGLibSandbox\src\Westwind.Scripting\ReferenceTest\ReferenceTest.csproj", "{80DCE04F-617A-4BA8-9F1B-9618CABAEBF3}"
EndProject
Project("{FAE04EC0-301F-11D3-BF4B-00C04F79EFBC}") = "Westwind.Scripting", "..\IGLibSandbox\src\Westwind.Scripting\Westwind.Scripting\Westwind.Scripting.csproj", "{8F2F6815-3183-4ECB-A42D-ACB81BDD793F}"
EndProject
Project("{FAE04EC0-301F-11D3-BF4B-00C04F79EFBC}") = "Westwind.Scripting.Test", "..\IGLibSandbox\src\Westwind.Scripting\Westwind.Scripting.Test\Westwind.Scripting.Test.csproj", "{A591C644-F2E2-472B-8C5E-BF52443EAB68}"
EndProject
Project("{FAE04EC0-301F-11D3-BF4B-00C04F79EFBC}") = "Tests_IG.ScriptingCs", "..\IGLibScriptingCs\src\Tests_IG.ScriptingCs\Tests_IG.ScriptingCs.csproj", "{6D7324E3-6BE6-49FF-8E09-E65592A03495}"
EndProject
Project("{FAE04EC0-301F-11D3-BF4B-00C04F79EFBC}") = "IG.Scripting", "..\IGLibScripting\src\IG.Scripting\IG.Scripting.csproj", "{FE614D37-17B7-4684-AC7B-F0A2410E26B5}"
EndProject
Project("{FAE04EC0-301F-11D3-BF4B-00C04F79EFBC}") = "Tests_IG.Scripting", "..\IGLibScripting\src\Tests_IG.Scripting\Tests_IG.Scripting.csproj", "{EBA4C91F-79E3-44EF-9C93-2FF13C47A913}"
EndProject
Project("{FAE04EC0-301F-11D3-BF4B-00C04F79EFBC}") = "IG.Scripts.DirectoryViewer", "..\IGLibScripts\IGLib\DirectoryViewerProject\IG.Scripts.DirectoryViewer.csproj", "{8E876E25-56E6-4B68-9CC2-64C3F0280163}"
EndProject
Project("{2150E333-8FDC-42A3-9474-1A3956D46DE8}") = "_external", "_external", "{4B37EC0E-20A9-4E3B-8AD3-0EC68CC65939}"
EndProject
Project("{FAE04EC0-301F-11D3-BF4B-00C04F79EFBC}") = "ReferenceTest", "..\_external\Westwind.Scripting\ReferenceTest\ReferenceTest.csproj", "{7E3776A7-19F4-4F5F-8420-1143206F5ABA}"
EndProject
Project("{2150E333-8FDC-42A3-9474-1A3956D46DE8}") = "WestWind.Scripting", "WestWind.Scripting", "{63276182-6815-4037-B6C0-1808410E8788}"
EndProject
Project("{FAE04EC0-301F-11D3-BF4B-00C04F79EFBC}") = "Westwind.Scripting", "..\_external\Westwind.Scripting\Westwind.Scripting\Westwind.Scripting.csproj", "{D5460F2B-516A-425E-92EE-BCFBB580D875}"
EndProject
Project("{FAE04EC0-301F-11D3-BF4B-00C04F79EFBC}") = "Westwind.Scripting.Test", "..\_external\Westwind.Scripting\Westwind.Scripting.Test\Westwind.Scripting.Test.csproj", "{DDE84EFD-2D9C-4BCC-B1A0-BF1FAA862BA0}"
EndProject
Project("{2150E333-8FDC-42A3-9474-1A3956D46DE8}") = "IGLibFramework_legacy", "IGLibFramework_legacy", "{20412C0F-E91C-4B8F-AA25-FC12BFB51F4B}"
EndProject
Project("{FAE04EC0-301F-11D3-BF4B-00C04F79EFBC}") = "IGLib", "..\iglib\igbase\IGLib.csproj", "{BF5F85A6-C83D-42BD-A7A4-CE93B3D9F831}"
EndProject
Project("{2150E333-8FDC-42A3-9474-1A3956D46DE8}") = "IGLib.NET", "IGLib.NET", "{9DEA103F-151B-4DCE-AE7D-BD035058CE74}"
EndProject
Project("{2150E333-8FDC-42A3-9474-1A3956D46DE8}") = "IGLibEventAggregator", "IGLibEventAggregator", "{133331CA-91B9-41B7-8A27-D731840A9B47}"
EndProject
Project("{FAE04EC0-301F-11D3-BF4B-00C04F79EFBC}") = "EventAggregator", "..\IGLibEventAggregator\EventAggregator\EventAggregator.csproj", "{7BF3828D-0E4D-422E-B2AA-FD3F14E35FF2}"
EndProject
Project("{FAE04EC0-301F-11D3-BF4B-00C04F79EFBC}") = "EventAggregatorTests", "..\IGLibEventAggregator\EventAggregatorTests\EventAggregatorTests.csproj", "{BA4E52F0-348D-43C3-97BC-CF9C249A4E44}"
EndProject
Project("{2150E333-8FDC-42A3-9474-1A3956D46DE8}") = "IGLib_dependencies", "IGLib_dependencies", "{42C7FB8D-E985-4C39-85D6-0DD6CA58C67F}"
EndProject
Project("{FAE04EC0-301F-11D3-BF4B-00C04F79EFBC}") = "InitIGLibModules", "..\iglib\00_initmodules\InitIGLibModules\InitIGLibModules.csproj", "{2544A81E-3CD6-4002-A20A-F8AFB78323E9}"
EndProject
Project("{FAE04EC0-301F-11D3-BF4B-00C04F79EFBC}") = "Jint", "..\iglib\external\jint\Jint\Jint.csproj", "{678738DA-F723-4920-B9E5-CAD667104BDA}"
EndProject
Project("{FAE04EC0-301F-11D3-BF4B-00C04F79EFBC}") = "IGLibCore", "..\iglib\modules\IGLibCore\src\IGLibCore.csproj", "{773E4BE3-2EC8-43F7-B2E7-40DEB49D1EEA}"
EndProject
Project("{FAE04EC0-301F-11D3-BF4B-00C04F79EFBC}") = "Numerics", "..\iglib\external\mathnet-numerics\src\Numerics\Numerics.csproj", "{67531166-A0CC-48C9-84B9-A23EF84C70CA}"
EndProject
Project("{FAE04EC0-301F-11D3-BF4B-00C04F79EFBC}") = "IGLibScripts", "..\IGLibScripts\project\IGLibScripts.csproj", "{6B40C975-12A8-48B9-B605-772E0C88DE8E}"
EndProject
Project("{FAE04EC0-301F-11D3-BF4B-00C04F79EFBC}") = "IG.SandboxCore", "..\IGLibSandbox\src\IG.SandboxCore\IG.SandboxCore.csproj", "{06ED8941-B7A2-4586-85BE-0D109DCC4A8A}"
EndProject
Project("{FAE04EC0-301F-11D3-BF4B-00C04F79EFBC}") = "IG.Sandbox.Graphics3D", "..\IGLibSandbox\src\IG.Sandbox.Graphics3D\IG.Sandbox.Graphics3D.csproj", "{92970E62-0426-4D70-87DA-07D1CCBAD687}"
EndProject
Project("{FAE04EC0-301F-11D3-BF4B-00C04F79EFBC}") = "IGLib.Core", "src\IGLib.Core\IGLib.Core.csproj", "{CF4B1E2A-830C-47A1-B95B-DD38C6277D77}"
EndProject
Project("{FAE04EC0-301F-11D3-BF4B-00C04F79EFBC}") = "IGLib.Core.Tests", "src\IGLib.Core.Tests\IGLib.Core.Tests.csproj", "{54A79C7C-7484-4CA0-95E1-A7811EDF2099}"
EndProject
Global
	GlobalSection(SolutionConfigurationPlatforms) = preSolution
		Debug|Any CPU = Debug|Any CPU
		Release|Any CPU = Release|Any CPU
	EndGlobalSection
	GlobalSection(ProjectConfigurationPlatforms) = postSolution
		{5E8A8A11-99AF-432E-AED2-1E22C85C116D}.Debug|Any CPU.ActiveCfg = Debug|Any CPU
		{5E8A8A11-99AF-432E-AED2-1E22C85C116D}.Debug|Any CPU.Build.0 = Debug|Any CPU
		{5E8A8A11-99AF-432E-AED2-1E22C85C116D}.Release|Any CPU.ActiveCfg = Release|Any CPU
		{5E8A8A11-99AF-432E-AED2-1E22C85C116D}.Release|Any CPU.Build.0 = Release|Any CPU
		{157FB627-2D98-4E69-B109-E2BF2E725035}.Debug|Any CPU.ActiveCfg = Debug|Any CPU
		{157FB627-2D98-4E69-B109-E2BF2E725035}.Debug|Any CPU.Build.0 = Debug|Any CPU
		{157FB627-2D98-4E69-B109-E2BF2E725035}.Release|Any CPU.ActiveCfg = Release|Any CPU
		{157FB627-2D98-4E69-B109-E2BF2E725035}.Release|Any CPU.Build.0 = Release|Any CPU
		{617ACA07-B233-471D-9F9B-A616807E5435}.Debug|Any CPU.ActiveCfg = Debug|Any CPU
		{617ACA07-B233-471D-9F9B-A616807E5435}.Debug|Any CPU.Build.0 = Debug|Any CPU
		{617ACA07-B233-471D-9F9B-A616807E5435}.Release|Any CPU.ActiveCfg = Release|Any CPU
		{617ACA07-B233-471D-9F9B-A616807E5435}.Release|Any CPU.Build.0 = Release|Any CPU
		{289AC17E-2C74-4D70-848D-4F6637148FF1}.Debug|Any CPU.ActiveCfg = Debug|Any CPU
		{289AC17E-2C74-4D70-848D-4F6637148FF1}.Debug|Any CPU.Build.0 = Debug|Any CPU
		{289AC17E-2C74-4D70-848D-4F6637148FF1}.Release|Any CPU.ActiveCfg = Release|Any CPU
		{289AC17E-2C74-4D70-848D-4F6637148FF1}.Release|Any CPU.Build.0 = Release|Any CPU
		{D5F1D538-F8A6-41BB-91B6-77105D4CEE25}.Debug|Any CPU.ActiveCfg = Debug|Any CPU
		{D5F1D538-F8A6-41BB-91B6-77105D4CEE25}.Debug|Any CPU.Build.0 = Debug|Any CPU
		{D5F1D538-F8A6-41BB-91B6-77105D4CEE25}.Release|Any CPU.ActiveCfg = Release|Any CPU
		{D5F1D538-F8A6-41BB-91B6-77105D4CEE25}.Release|Any CPU.Build.0 = Release|Any CPU
		{67356F9B-92DA-4BCD-B794-A19C9D7CE673}.Debug|Any CPU.ActiveCfg = Debug|Any CPU
		{67356F9B-92DA-4BCD-B794-A19C9D7CE673}.Debug|Any CPU.Build.0 = Debug|Any CPU
		{67356F9B-92DA-4BCD-B794-A19C9D7CE673}.Release|Any CPU.ActiveCfg = Release|Any CPU
		{67356F9B-92DA-4BCD-B794-A19C9D7CE673}.Release|Any CPU.Build.0 = Release|Any CPU
		{80DCE04F-617A-4BA8-9F1B-9618CABAEBF3}.Debug|Any CPU.ActiveCfg = Debug|Any CPU
		{80DCE04F-617A-4BA8-9F1B-9618CABAEBF3}.Debug|Any CPU.Build.0 = Debug|Any CPU
		{80DCE04F-617A-4BA8-9F1B-9618CABAEBF3}.Release|Any CPU.ActiveCfg = Release|Any CPU
		{80DCE04F-617A-4BA8-9F1B-9618CABAEBF3}.Release|Any CPU.Build.0 = Release|Any CPU
		{8F2F6815-3183-4ECB-A42D-ACB81BDD793F}.Debug|Any CPU.ActiveCfg = Debug|Any CPU
		{8F2F6815-3183-4ECB-A42D-ACB81BDD793F}.Debug|Any CPU.Build.0 = Debug|Any CPU
		{8F2F6815-3183-4ECB-A42D-ACB81BDD793F}.Release|Any CPU.ActiveCfg = Release|Any CPU
		{8F2F6815-3183-4ECB-A42D-ACB81BDD793F}.Release|Any CPU.Build.0 = Release|Any CPU
		{A591C644-F2E2-472B-8C5E-BF52443EAB68}.Debug|Any CPU.ActiveCfg = Debug|Any CPU
		{A591C644-F2E2-472B-8C5E-BF52443EAB68}.Debug|Any CPU.Build.0 = Debug|Any CPU
		{A591C644-F2E2-472B-8C5E-BF52443EAB68}.Release|Any CPU.ActiveCfg = Release|Any CPU
		{A591C644-F2E2-472B-8C5E-BF52443EAB68}.Release|Any CPU.Build.0 = Release|Any CPU
		{6D7324E3-6BE6-49FF-8E09-E65592A03495}.Debug|Any CPU.ActiveCfg = Debug|Any CPU
		{6D7324E3-6BE6-49FF-8E09-E65592A03495}.Debug|Any CPU.Build.0 = Debug|Any CPU
		{6D7324E3-6BE6-49FF-8E09-E65592A03495}.Release|Any CPU.ActiveCfg = Release|Any CPU
		{6D7324E3-6BE6-49FF-8E09-E65592A03495}.Release|Any CPU.Build.0 = Release|Any CPU
		{FE614D37-17B7-4684-AC7B-F0A2410E26B5}.Debug|Any CPU.ActiveCfg = Debug|Any CPU
		{FE614D37-17B7-4684-AC7B-F0A2410E26B5}.Debug|Any CPU.Build.0 = Debug|Any CPU
		{FE614D37-17B7-4684-AC7B-F0A2410E26B5}.Release|Any CPU.ActiveCfg = Release|Any CPU
		{FE614D37-17B7-4684-AC7B-F0A2410E26B5}.Release|Any CPU.Build.0 = Release|Any CPU
		{EBA4C91F-79E3-44EF-9C93-2FF13C47A913}.Debug|Any CPU.ActiveCfg = Debug|Any CPU
		{EBA4C91F-79E3-44EF-9C93-2FF13C47A913}.Debug|Any CPU.Build.0 = Debug|Any CPU
		{EBA4C91F-79E3-44EF-9C93-2FF13C47A913}.Release|Any CPU.ActiveCfg = Release|Any CPU
		{EBA4C91F-79E3-44EF-9C93-2FF13C47A913}.Release|Any CPU.Build.0 = Release|Any CPU
		{8E876E25-56E6-4B68-9CC2-64C3F0280163}.Debug|Any CPU.ActiveCfg = Debug|Any CPU
		{8E876E25-56E6-4B68-9CC2-64C3F0280163}.Debug|Any CPU.Build.0 = Debug|Any CPU
		{8E876E25-56E6-4B68-9CC2-64C3F0280163}.Release|Any CPU.ActiveCfg = Release|Any CPU
		{8E876E25-56E6-4B68-9CC2-64C3F0280163}.Release|Any CPU.Build.0 = Release|Any CPU
		{7E3776A7-19F4-4F5F-8420-1143206F5ABA}.Debug|Any CPU.ActiveCfg = Debug|Any CPU
		{7E3776A7-19F4-4F5F-8420-1143206F5ABA}.Debug|Any CPU.Build.0 = Debug|Any CPU
		{7E3776A7-19F4-4F5F-8420-1143206F5ABA}.Release|Any CPU.ActiveCfg = Release|Any CPU
		{7E3776A7-19F4-4F5F-8420-1143206F5ABA}.Release|Any CPU.Build.0 = Release|Any CPU
		{D5460F2B-516A-425E-92EE-BCFBB580D875}.Debug|Any CPU.ActiveCfg = Debug|Any CPU
		{D5460F2B-516A-425E-92EE-BCFBB580D875}.Debug|Any CPU.Build.0 = Debug|Any CPU
		{D5460F2B-516A-425E-92EE-BCFBB580D875}.Release|Any CPU.ActiveCfg = Release|Any CPU
		{D5460F2B-516A-425E-92EE-BCFBB580D875}.Release|Any CPU.Build.0 = Release|Any CPU
		{DDE84EFD-2D9C-4BCC-B1A0-BF1FAA862BA0}.Debug|Any CPU.ActiveCfg = Debug|Any CPU
		{DDE84EFD-2D9C-4BCC-B1A0-BF1FAA862BA0}.Debug|Any CPU.Build.0 = Debug|Any CPU
		{DDE84EFD-2D9C-4BCC-B1A0-BF1FAA862BA0}.Release|Any CPU.ActiveCfg = Release|Any CPU
		{DDE84EFD-2D9C-4BCC-B1A0-BF1FAA862BA0}.Release|Any CPU.Build.0 = Release|Any CPU
		{BF5F85A6-C83D-42BD-A7A4-CE93B3D9F831}.Debug|Any CPU.ActiveCfg = Debug|Any CPU
		{BF5F85A6-C83D-42BD-A7A4-CE93B3D9F831}.Debug|Any CPU.Build.0 = Debug|Any CPU
		{BF5F85A6-C83D-42BD-A7A4-CE93B3D9F831}.Release|Any CPU.ActiveCfg = Release|Any CPU
		{BF5F85A6-C83D-42BD-A7A4-CE93B3D9F831}.Release|Any CPU.Build.0 = Release|Any CPU
		{7BF3828D-0E4D-422E-B2AA-FD3F14E35FF2}.Debug|Any CPU.ActiveCfg = Debug|Any CPU
		{7BF3828D-0E4D-422E-B2AA-FD3F14E35FF2}.Debug|Any CPU.Build.0 = Debug|Any CPU
		{7BF3828D-0E4D-422E-B2AA-FD3F14E35FF2}.Release|Any CPU.ActiveCfg = Release|Any CPU
		{7BF3828D-0E4D-422E-B2AA-FD3F14E35FF2}.Release|Any CPU.Build.0 = Release|Any CPU
		{BA4E52F0-348D-43C3-97BC-CF9C249A4E44}.Debug|Any CPU.ActiveCfg = Debug|Any CPU
		{BA4E52F0-348D-43C3-97BC-CF9C249A4E44}.Debug|Any CPU.Build.0 = Debug|Any CPU
		{BA4E52F0-348D-43C3-97BC-CF9C249A4E44}.Release|Any CPU.ActiveCfg = Release|Any CPU
		{BA4E52F0-348D-43C3-97BC-CF9C249A4E44}.Release|Any CPU.Build.0 = Release|Any CPU
		{2544A81E-3CD6-4002-A20A-F8AFB78323E9}.Debug|Any CPU.ActiveCfg = Debug|Any CPU
		{2544A81E-3CD6-4002-A20A-F8AFB78323E9}.Debug|Any CPU.Build.0 = Debug|Any CPU
		{2544A81E-3CD6-4002-A20A-F8AFB78323E9}.Release|Any CPU.ActiveCfg = Release|Any CPU
		{2544A81E-3CD6-4002-A20A-F8AFB78323E9}.Release|Any CPU.Build.0 = Release|Any CPU
		{678738DA-F723-4920-B9E5-CAD667104BDA}.Debug|Any CPU.ActiveCfg = Debug|Any CPU
		{678738DA-F723-4920-B9E5-CAD667104BDA}.Debug|Any CPU.Build.0 = Debug|Any CPU
		{678738DA-F723-4920-B9E5-CAD667104BDA}.Release|Any CPU.ActiveCfg = Release|Any CPU
		{678738DA-F723-4920-B9E5-CAD667104BDA}.Release|Any CPU.Build.0 = Release|Any CPU
		{773E4BE3-2EC8-43F7-B2E7-40DEB49D1EEA}.Debug|Any CPU.ActiveCfg = Debug|Any CPU
		{773E4BE3-2EC8-43F7-B2E7-40DEB49D1EEA}.Debug|Any CPU.Build.0 = Debug|Any CPU
		{773E4BE3-2EC8-43F7-B2E7-40DEB49D1EEA}.Release|Any CPU.ActiveCfg = Release|Any CPU
		{773E4BE3-2EC8-43F7-B2E7-40DEB49D1EEA}.Release|Any CPU.Build.0 = Release|Any CPU
		{67531166-A0CC-48C9-84B9-A23EF84C70CA}.Debug|Any CPU.ActiveCfg = Debug|Any CPU
		{67531166-A0CC-48C9-84B9-A23EF84C70CA}.Debug|Any CPU.Build.0 = Debug|Any CPU
		{67531166-A0CC-48C9-84B9-A23EF84C70CA}.Release|Any CPU.ActiveCfg = Release|Any CPU
		{67531166-A0CC-48C9-84B9-A23EF84C70CA}.Release|Any CPU.Build.0 = Release|Any CPU
		{6B40C975-12A8-48B9-B605-772E0C88DE8E}.Debug|Any CPU.ActiveCfg = Debug|Any CPU
		{6B40C975-12A8-48B9-B605-772E0C88DE8E}.Debug|Any CPU.Build.0 = Debug|Any CPU
		{6B40C975-12A8-48B9-B605-772E0C88DE8E}.Release|Any CPU.ActiveCfg = Release|Any CPU
		{6B40C975-12A8-48B9-B605-772E0C88DE8E}.Release|Any CPU.Build.0 = Release|Any CPU
		{06ED8941-B7A2-4586-85BE-0D109DCC4A8A}.Debug|Any CPU.ActiveCfg = Debug|Any CPU
		{06ED8941-B7A2-4586-85BE-0D109DCC4A8A}.Debug|Any CPU.Build.0 = Debug|Any CPU
		{06ED8941-B7A2-4586-85BE-0D109DCC4A8A}.Release|Any CPU.ActiveCfg = Release|Any CPU
		{06ED8941-B7A2-4586-85BE-0D109DCC4A8A}.Release|Any CPU.Build.0 = Release|Any CPU
		{92970E62-0426-4D70-87DA-07D1CCBAD687}.Debug|Any CPU.ActiveCfg = Debug|Any CPU
		{92970E62-0426-4D70-87DA-07D1CCBAD687}.Debug|Any CPU.Build.0 = Debug|Any CPU
		{92970E62-0426-4D70-87DA-07D1CCBAD687}.Release|Any CPU.ActiveCfg = Release|Any CPU
		{92970E62-0426-4D70-87DA-07D1CCBAD687}.Release|Any CPU.Build.0 = Release|Any CPU
		{CF4B1E2A-830C-47A1-B95B-DD38C6277D77}.Debug|Any CPU.ActiveCfg = Debug|Any CPU
		{CF4B1E2A-830C-47A1-B95B-DD38C6277D77}.Debug|Any CPU.Build.0 = Debug|Any CPU
		{CF4B1E2A-830C-47A1-B95B-DD38C6277D77}.Release|Any CPU.ActiveCfg = Release|Any CPU
		{CF4B1E2A-830C-47A1-B95B-DD38C6277D77}.Release|Any CPU.Build.0 = Release|Any CPU
		{54A79C7C-7484-4CA0-95E1-A7811EDF2099}.Debug|Any CPU.ActiveCfg = Debug|Any CPU
		{54A79C7C-7484-4CA0-95E1-A7811EDF2099}.Debug|Any CPU.Build.0 = Debug|Any CPU
		{54A79C7C-7484-4CA0-95E1-A7811EDF2099}.Release|Any CPU.ActiveCfg = Release|Any CPU
		{54A79C7C-7484-4CA0-95E1-A7811EDF2099}.Release|Any CPU.Build.0 = Release|Any CPU
	EndGlobalSection
	GlobalSection(SolutionProperties) = preSolution
		HideSolutionNode = FALSE
	EndGlobalSection
	GlobalSection(NestedProjects) = preSolution
		{49FA5358-3660-4DDD-919F-5BC0D39DF5E4} = {9DEA103F-151B-4DCE-AE7D-BD035058CE74}
		{F9A1F5C6-211C-498E-8A4E-40D4FC56F7A9} = {9DEA103F-151B-4DCE-AE7D-BD035058CE74}
		{A2B0D15D-28C9-48EC-B165-3FEADEE4FC76} = {9DEA103F-151B-4DCE-AE7D-BD035058CE74}
		{1F37D3D2-5309-41EB-B7A1-BEB99A3A77D0} = {9DEA103F-151B-4DCE-AE7D-BD035058CE74}
		{37A47E16-EFC3-4814-85E1-10EF9B8818D9} = {9DEA103F-151B-4DCE-AE7D-BD035058CE74}
		{5E8A8A11-99AF-432E-AED2-1E22C85C116D} = {1F37D3D2-5309-41EB-B7A1-BEB99A3A77D0}
		{157FB627-2D98-4E69-B109-E2BF2E725035} = {32963B1C-029F-46DC-BC5F-E40EA88FED82}
		{617ACA07-B233-471D-9F9B-A616807E5435} = {32963B1C-029F-46DC-BC5F-E40EA88FED82}
		{289AC17E-2C74-4D70-848D-4F6637148FF1} = {32963B1C-029F-46DC-BC5F-E40EA88FED82}
		{C8FDE206-12AD-4834-B82A-8DC1894FD142} = {1F37D3D2-5309-41EB-B7A1-BEB99A3A77D0}
		{D5F1D538-F8A6-41BB-91B6-77105D4CEE25} = {F9A1F5C6-211C-498E-8A4E-40D4FC56F7A9}
		{67356F9B-92DA-4BCD-B794-A19C9D7CE673} = {F9A1F5C6-211C-498E-8A4E-40D4FC56F7A9}
		{32963B1C-029F-46DC-BC5F-E40EA88FED82} = {C8FDE206-12AD-4834-B82A-8DC1894FD142}
		{8EF050E4-BDBE-4B84-9BC9-790E7A1AF79D} = {158E4A60-6432-4B43-8220-EDD0C44CFDBB}
		{158E4A60-6432-4B43-8220-EDD0C44CFDBB} = {F9A1F5C6-211C-498E-8A4E-40D4FC56F7A9}
		{379F409E-0A7A-48E1-A042-AEA615EE4C17} = {158E4A60-6432-4B43-8220-EDD0C44CFDBB}
		{80DCE04F-617A-4BA8-9F1B-9618CABAEBF3} = {379F409E-0A7A-48E1-A042-AEA615EE4C17}
		{8F2F6815-3183-4ECB-A42D-ACB81BDD793F} = {379F409E-0A7A-48E1-A042-AEA615EE4C17}
		{A591C644-F2E2-472B-8C5E-BF52443EAB68} = {379F409E-0A7A-48E1-A042-AEA615EE4C17}
		{6D7324E3-6BE6-49FF-8E09-E65592A03495} = {1F37D3D2-5309-41EB-B7A1-BEB99A3A77D0}
		{FE614D37-17B7-4684-AC7B-F0A2410E26B5} = {A2B0D15D-28C9-48EC-B165-3FEADEE4FC76}
		{EBA4C91F-79E3-44EF-9C93-2FF13C47A913} = {A2B0D15D-28C9-48EC-B165-3FEADEE4FC76}
		{8E876E25-56E6-4B68-9CC2-64C3F0280163} = {37A47E16-EFC3-4814-85E1-10EF9B8818D9}
		{7E3776A7-19F4-4F5F-8420-1143206F5ABA} = {63276182-6815-4037-B6C0-1808410E8788}
		{63276182-6815-4037-B6C0-1808410E8788} = {4B37EC0E-20A9-4E3B-8AD3-0EC68CC65939}
		{D5460F2B-516A-425E-92EE-BCFBB580D875} = {63276182-6815-4037-B6C0-1808410E8788}
		{DDE84EFD-2D9C-4BCC-B1A0-BF1FAA862BA0} = {63276182-6815-4037-B6C0-1808410E8788}
		{BF5F85A6-C83D-42BD-A7A4-CE93B3D9F831} = {20412C0F-E91C-4B8F-AA25-FC12BFB51F4B}
		{133331CA-91B9-41B7-8A27-D731840A9B47} = {9DEA103F-151B-4DCE-AE7D-BD035058CE74}
		{7BF3828D-0E4D-422E-B2AA-FD3F14E35FF2} = {133331CA-91B9-41B7-8A27-D731840A9B47}
		{BA4E52F0-348D-43C3-97BC-CF9C249A4E44} = {133331CA-91B9-41B7-8A27-D731840A9B47}
		{42C7FB8D-E985-4C39-85D6-0DD6CA58C67F} = {20412C0F-E91C-4B8F-AA25-FC12BFB51F4B}
		{2544A81E-3CD6-4002-A20A-F8AFB78323E9} = {42C7FB8D-E985-4C39-85D6-0DD6CA58C67F}
		{678738DA-F723-4920-B9E5-CAD667104BDA} = {42C7FB8D-E985-4C39-85D6-0DD6CA58C67F}
		{773E4BE3-2EC8-43F7-B2E7-40DEB49D1EEA} = {42C7FB8D-E985-4C39-85D6-0DD6CA58C67F}
		{67531166-A0CC-48C9-84B9-A23EF84C70CA} = {42C7FB8D-E985-4C39-85D6-0DD6CA58C67F}
		{6B40C975-12A8-48B9-B605-772E0C88DE8E} = {37A47E16-EFC3-4814-85E1-10EF9B8818D9}
		{06ED8941-B7A2-4586-85BE-0D109DCC4A8A} = {F9A1F5C6-211C-498E-8A4E-40D4FC56F7A9}
		{92970E62-0426-4D70-87DA-07D1CCBAD687} = {F9A1F5C6-211C-498E-8A4E-40D4FC56F7A9}
		{CF4B1E2A-830C-47A1-B95B-DD38C6277D77} = {49FA5358-3660-4DDD-919F-5BC0D39DF5E4}
		{54A79C7C-7484-4CA0-95E1-A7811EDF2099} = {49FA5358-3660-4DDD-919F-5BC0D39DF5E4}
	EndGlobalSection
	GlobalSection(ExtensibilityGlobals) = postSolution
		SolutionGuid = {B21775EA-26C3-407E-9DDB-5A7750E3F0F2}
	EndGlobalSection
EndGlobal
